
Microsoft Visual Studio Solution File, Format Version 12.00
# Visual Studio 15
VisualStudioVersion = 15.0.26430.16
MinimumVisualStudioVersion = 10.0.40219.1
Project("{FAE04EC0-301F-11D3-BF4B-00C04F79EFBC}") = "OpenHRMS.Web", "OpenHRMS\OpenHRMS.Web.csproj", "{9904D57A-24B7-4E55-9FF9-015EF4B7D9B8}"
EndProject
Project("{FAE04EC0-301F-11D3-BF4B-00C04F79EFBC}") = "OpenHRMS.Core", "OpenHRMS.Core\OpenHRMS.Core.csproj", "{2CC1DE70-9B89-4501-9282-8B0BC828C69A}"
EndProject
Project("{FAE04EC0-301F-11D3-BF4B-00C04F79EFBC}") = "OpenHRMS.Shared", "OpenHRMS.Shared\OpenHRMS.Shared.csproj", "{00EAEC29-0D8F-422A-9262-D40049121074}"
EndProject
Global
	GlobalSection(SolutionConfigurationPlatforms) = preSolution
		Debug|Any CPU = Debug|Any CPU
		Release|Any CPU = Release|Any CPU
	EndGlobalSection
	GlobalSection(ProjectConfigurationPlatforms) = postSolution
		{9904D57A-24B7-4E55-9FF9-015EF4B7D9B8}.Debug|Any CPU.ActiveCfg = Debug|Any CPU
		{9904D57A-24B7-4E55-9FF9-015EF4B7D9B8}.Debug|Any CPU.Build.0 = Debug|Any CPU
		{9904D57A-24B7-4E55-9FF9-015EF4B7D9B8}.Release|Any CPU.ActiveCfg = Release|Any CPU
		{9904D57A-24B7-4E55-9FF9-015EF4B7D9B8}.Release|Any CPU.Build.0 = Release|Any CPU
		{2CC1DE70-9B89-4501-9282-8B0BC828C69A}.Debug|Any CPU.ActiveCfg = Debug|Any CPU
		{2CC1DE70-9B89-4501-9282-8B0BC828C69A}.Debug|Any CPU.Build.0 = Debug|Any CPU
		{2CC1DE70-9B89-4501-9282-8B0BC828C69A}.Release|Any CPU.ActiveCfg = Release|Any CPU
		{2CC1DE70-9B89-4501-9282-8B0BC828C69A}.Release|Any CPU.Build.0 = Release|Any CPU
		{00EAEC29-0D8F-422A-9262-D40049121074}.Debug|Any CPU.ActiveCfg = Debug|Any CPU
		{00EAEC29-0D8F-422A-9262-D40049121074}.Debug|Any CPU.Build.0 = Debug|Any CPU
		{00EAEC29-0D8F-422A-9262-D40049121074}.Release|Any CPU.ActiveCfg = Release|Any CPU
		{00EAEC29-0D8F-422A-9262-D40049121074}.Release|Any CPU.Build.0 = Release|Any CPU
	EndGlobalSection
	GlobalSection(SolutionProperties) = preSolution
		HideSolutionNode = FALSE
	EndGlobalSection
EndGlobal
